
Microsoft Visual Studio Solution File, Format Version 12.00
# Visual Studio Version 17
VisualStudioVersion = 17.9.34723.18
MinimumVisualStudioVersion = 10.0.40219.1
Project("{FAE04EC0-301F-11D3-BF4B-00C04F79EFBC}") = "ReqStreamCLI", "ReqStreamCLI\ReqStreamCLI.csproj", "{D40D66C2-80A0-475B-B81A-B3BEFDD008C1}"
EndProject
Project("{FAE04EC0-301F-11D3-BF4B-00C04F79EFBC}") = "RequestTrackerDALLibrary", "RequestTrackerDALLibrary\RequestTrackerDALLibrary.csproj", "{D63F985F-D3BE-4CD0-8BCA-A492F0278E0D}"
EndProject
Project("{FAE04EC0-301F-11D3-BF4B-00C04F79EFBC}") = "RequestTrakerModelLibrary", "RequestTrakerModelLibrary\RequestTrakerModelLibrary.csproj", "{3F3D0B2A-83CC-4165-8C7C-63F540B4F97A}"
EndProject
Global
	GlobalSection(SolutionConfigurationPlatforms) = preSolution
		Debug|Any CPU = Debug|Any CPU
		Release|Any CPU = Release|Any CPU
	EndGlobalSection
	GlobalSection(ProjectConfigurationPlatforms) = postSolution
		{D40D66C2-80A0-475B-B81A-B3BEFDD008C1}.Debug|Any CPU.ActiveCfg = Debug|Any CPU
		{D40D66C2-80A0-475B-B81A-B3BEFDD008C1}.Debug|Any CPU.Build.0 = Debug|Any CPU
		{D40D66C2-80A0-475B-B81A-B3BEFDD008C1}.Release|Any CPU.ActiveCfg = Release|Any CPU
		{D40D66C2-80A0-475B-B81A-B3BEFDD008C1}.Release|Any CPU.Build.0 = Release|Any CPU
		{D63F985F-D3BE-4CD0-8BCA-A492F0278E0D}.Debug|Any CPU.ActiveCfg = Debug|Any CPU
		{D63F985F-D3BE-4CD0-8BCA-A492F0278E0D}.Debug|Any CPU.Build.0 = Debug|Any CPU
		{D63F985F-D3BE-4CD0-8BCA-A492F0278E0D}.Release|Any CPU.ActiveCfg = Release|Any CPU
		{D63F985F-D3BE-4CD0-8BCA-A492F0278E0D}.Release|Any CPU.Build.0 = Release|Any CPU
		{3F3D0B2A-83CC-4165-8C7C-63F540B4F97A}.Debug|Any CPU.ActiveCfg = Debug|Any CPU
		{3F3D0B2A-83CC-4165-8C7C-63F540B4F97A}.Debug|Any CPU.Build.0 = Debug|Any CPU
		{3F3D0B2A-83CC-4165-8C7C-63F540B4F97A}.Release|Any CPU.ActiveCfg = Release|Any CPU
		{3F3D0B2A-83CC-4165-8C7C-63F540B4F97A}.Release|Any CPU.Build.0 = Release|Any CPU
	EndGlobalSection
	GlobalSection(SolutionProperties) = preSolution
		HideSolutionNode = FALSE
	EndGlobalSection
	GlobalSection(ExtensibilityGlobals) = postSolution
		SolutionGuid = {337F30E7-CCF0-4203-A295-750A43B995E3}
	EndGlobalSection
EndGlobal
