
Microsoft Visual Studio Solution File, Format Version 12.00
# Visual Studio Version 17
VisualStudioVersion = 17.9.34723.18
MinimumVisualStudioVersion = 10.0.40219.1
Project("{FAE04EC0-301F-11D3-BF4B-00C04F79EFBC}") = "Polymorphism", "Polymorphism\Polymorphism.csproj", "{066CB66F-8CBE-4160-860F-3EEBCC9303EA}"
EndProject
Global
	GlobalSection(SolutionConfigurationPlatforms) = preSolution
		Debug|Any CPU = Debug|Any CPU
		Release|Any CPU = Release|Any CPU
	EndGlobalSection
	GlobalSection(ProjectConfigurationPlatforms) = postSolution
		{066CB66F-8CBE-4160-860F-3EEBCC9303EA}.Debug|Any CPU.ActiveCfg = Debug|Any CPU
		{066CB66F-8CBE-4160-860F-3EEBCC9303EA}.Debug|Any CPU.Build.0 = Debug|Any CPU
		{066CB66F-8CBE-4160-860F-3EEBCC9303EA}.Release|Any CPU.ActiveCfg = Release|Any CPU
		{066CB66F-8CBE-4160-860F-3EEBCC9303EA}.Release|Any CPU.Build.0 = Release|Any CPU
	EndGlobalSection
	GlobalSection(SolutionProperties) = preSolution
		HideSolutionNode = FALSE
	EndGlobalSection
	GlobalSection(ExtensibilityGlobals) = postSolution
		SolutionGuid = {50B965C9-7BAC-4F3B-BEA7-BC88073C72CF}
	EndGlobalSection
EndGlobal
